{
  "version": 4,
  "terraform_version": "1.6.2",
  "serial": 20,
  "lineage": "542d14df-2e17-7e75-3d44-8bf0b8d802a5",
  "outputs": {},
  "resources": [
    {
      "mode": "data",
      "type": "azurerm_subscription",
      "name": "crcdev",
      "provider": "provider[\"registry.terraform.io/hashicorp/azurerm\"]",
      "instances": [
        {
          "schema_version": 0,
          "attributes": {
            "display_name": "CRC Dev",
            "id": "/subscriptions/e0a05e3d-c7c8-4da3-bb86-62e0f43a09ab",
            "location_placement_id": "Public_2014-09-01",
            "quota_id": "PayAsYouGo_2014-09-01",
            "spending_limit": "Off",
            "state": "Enabled",
            "subscription_id": "e0a05e3d-c7c8-4da3-bb86-62e0f43a09ab",
            "tags": {},
            "tenant_id": "e8901752-6acd-4082-a0d0-571dd5c4f61b",
            "timeouts": null
          },
          "sensitive_attributes": []
        }
      ]
    },
    {
      "mode": "managed",
      "type": "azurerm_cdn_endpoint",
      "name": "crcdev-cdn-endpoint",
      "provider": "provider[\"registry.terraform.io/hashicorp/azurerm\"]",
      "instances": [
        {
          "schema_version": 1,
          "attributes": {
            "content_types_to_compress": [],
            "delivery_rule": [],
            "fqdn": "crcdevcdnendpoint1.azureedge.net",
            "geo_filter": [],
            "global_delivery_rule": [],
            "id": "/subscriptions/e0a05e3d-c7c8-4da3-bb86-62e0f43a09ab/resourceGroups/crcdev-rg/providers/Microsoft.Cdn/profiles/crcdevcdnprofile1/endpoints/crcdevcdnendpoint1",
            "is_compression_enabled": false,
            "is_http_allowed": true,
            "is_https_allowed": true,
            "location": "westus",
            "name": "crcdevcdnendpoint1",
            "optimization_type": "",
            "origin": [
              {
                "host_name": "apcrcdevstorage1.z5.web.core.windows.net",
                "http_port": 80,
                "https_port": 443,
                "name": "devresume"
              }
            ],
            "origin_host_header": "",
            "origin_path": "",
            "probe_path": "",
            "profile_name": "crcdevcdnprofile1",
            "querystring_caching_behaviour": "IgnoreQueryString",
            "resource_group_name": "crcdev-rg",
            "tags": {
              "environment": "dev"
            },
            "timeouts": null
          },
          "sensitive_attributes": [],
          "private": "eyJlMmJmYjczMC1lY2FhLTExZTYtOGY4OC0zNDM2M2JjN2M0YzAiOnsiY3JlYXRlIjoxODAwMDAwMDAwMDAwLCJkZWxldGUiOjE4MDAwMDAwMDAwMDAsInJlYWQiOjMwMDAwMDAwMDAwMCwidXBkYXRlIjoxODAwMDAwMDAwMDAwfSwic2NoZW1hX3ZlcnNpb24iOiIxIn0=",
          "dependencies": [
            "azurerm_cdn_profile.crcdev-cdn-profile",
            "azurerm_resource_group.crcdev-rg"
          ]
        }
      ]
    },
    {
      "mode": "managed",
      "type": "azurerm_cdn_profile",
      "name": "crcdev-cdn-profile",
      "provider": "provider[\"registry.terraform.io/hashicorp/azurerm\"]",
      "instances": [
        {
          "schema_version": 1,
          "attributes": {
            "id": "/subscriptions/e0a05e3d-c7c8-4da3-bb86-62e0f43a09ab/resourceGroups/crcdev-rg/providers/Microsoft.Cdn/profiles/crcdevcdnprofile1",
            "location": "westus",
            "name": "crcdevcdnprofile1",
            "resource_group_name": "crcdev-rg",
            "sku": "Standard_Microsoft",
            "tags": {
              "environment": "dev"
            },
            "timeouts": null
          },
          "sensitive_attributes": [],
          "private": "eyJlMmJmYjczMC1lY2FhLTExZTYtOGY4OC0zNDM2M2JjN2M0YzAiOnsiY3JlYXRlIjoxODAwMDAwMDAwMDAwLCJkZWxldGUiOjE4MDAwMDAwMDAwMDAsInJlYWQiOjMwMDAwMDAwMDAwMCwidXBkYXRlIjoxODAwMDAwMDAwMDAwfSwic2NoZW1hX3ZlcnNpb24iOiIxIn0=",
          "dependencies": [
            "azurerm_resource_group.crcdev-rg"
          ]
        }
      ]
    },
    {
      "mode": "managed",
      "type": "azurerm_resource_group",
      "name": "crcdev-rg",
      "provider": "provider[\"registry.terraform.io/hashicorp/azurerm\"]",
      "instances": [
        {
          "schema_version": 0,
          "attributes": {
            "id": "/subscriptions/e0a05e3d-c7c8-4da3-bb86-62e0f43a09ab/resourceGroups/crcdev-rg",
            "location": "westus2",
            "name": "crcdev-rg",
            "tags": {
              "environment": "dev"
            },
            "timeouts": null
          },
          "sensitive_attributes": [],
          "private": "eyJlMmJmYjczMC1lY2FhLTExZTYtOGY4OC0zNDM2M2JjN2M0YzAiOnsiY3JlYXRlIjo1NDAwMDAwMDAwMDAwLCJkZWxldGUiOjU0MDAwMDAwMDAwMDAsInJlYWQiOjMwMDAwMDAwMDAwMCwidXBkYXRlIjo1NDAwMDAwMDAwMDAwfX0="
        }
      ]
    },
    {
      "mode": "managed",
      "type": "azurerm_storage_account",
      "name": "crcdev-storage",
      "provider": "provider[\"registry.terraform.io/hashicorp/azurerm\"]",
      "instances": [
        {
          "schema_version": 3,
          "attributes": {
            "access_tier": "Hot",
            "account_kind": "StorageV2",
            "account_replication_type": "LRS",
            "account_tier": "Standard",
            "allow_nested_items_to_be_public": true,
            "azure_files_authentication": [],
            "blob_properties": [
              {
                "change_feed_enabled": false,
                "container_delete_retention_policy": [],
                "cors_rule": [],
                "default_service_version": "",
                "delete_retention_policy": [],
                "last_access_time_enabled": false,
                "versioning_enabled": false
              }
            ],
            "custom_domain": [],
            "customer_managed_key": [],
            "edge_zone": "",
            "enable_https_traffic_only": true,
            "id": "/subscriptions/e0a05e3d-c7c8-4da3-bb86-62e0f43a09ab/resourceGroups/crcdev-rg/providers/Microsoft.Storage/storageAccounts/apcrcdevstorage1",
            "identity": [],
            "infrastructure_encryption_enabled": false,
            "is_hns_enabled": false,
            "large_file_share_enabled": null,
            "location": "westus2",
            "min_tls_version": "TLS1_2",
            "name": "apcrcdevstorage1",
            "network_rules": [
              {
                "bypass": [
                  "AzureServices"
                ],
                "default_action": "Allow",
                "ip_rules": [],
                "private_link_access": [],
                "virtual_network_subnet_ids": []
              }
            ],
            "nfsv3_enabled": false,
            "primary_access_key": "0OniBjxAwTl8Oy2Ui31WFV15KFg2SBXiwwlKHJN/L3c2D1Tn8wrxHItxMEvsjz4IftbEZp5sf83v+AStl0jL3g==",
            "primary_blob_connection_string": "DefaultEndpointsProtocol=https;BlobEndpoint=https://apcrcdevstorage1.blob.core.windows.net/;AccountName=apcrcdevstorage1;AccountKey=0OniBjxAwTl8Oy2Ui31WFV15KFg2SBXiwwlKHJN/L3c2D1Tn8wrxHItxMEvsjz4IftbEZp5sf83v+AStl0jL3g==",
            "primary_blob_endpoint": "https://apcrcdevstorage1.blob.core.windows.net/",
            "primary_blob_host": "apcrcdevstorage1.blob.core.windows.net",
            "primary_connection_string": "DefaultEndpointsProtocol=https;AccountName=apcrcdevstorage1;AccountKey=0OniBjxAwTl8Oy2Ui31WFV15KFg2SBXiwwlKHJN/L3c2D1Tn8wrxHItxMEvsjz4IftbEZp5sf83v+AStl0jL3g==;EndpointSuffix=core.windows.net",
            "primary_dfs_endpoint": "https://apcrcdevstorage1.dfs.core.windows.net/",
            "primary_dfs_host": "apcrcdevstorage1.dfs.core.windows.net",
            "primary_file_endpoint": "https://apcrcdevstorage1.file.core.windows.net/",
            "primary_file_host": "apcrcdevstorage1.file.core.windows.net",
            "primary_location": "westus2",
            "primary_queue_endpoint": "https://apcrcdevstorage1.queue.core.windows.net/",
            "primary_queue_host": "apcrcdevstorage1.queue.core.windows.net",
            "primary_table_endpoint": "https://apcrcdevstorage1.table.core.windows.net/",
            "primary_table_host": "apcrcdevstorage1.table.core.windows.net",
            "primary_web_endpoint": "https://apcrcdevstorage1.z5.web.core.windows.net/",
            "primary_web_host": "apcrcdevstorage1.z5.web.core.windows.net",
            "queue_encryption_key_type": "Service",
            "queue_properties": [
              {
                "cors_rule": [],
                "hour_metrics": [
                  {
                    "enabled": true,
                    "include_apis": true,
                    "retention_policy_days": 7,
                    "version": "1.0"
                  }
                ],
                "logging": [
                  {
                    "delete": false,
                    "read": false,
                    "retention_policy_days": 0,
                    "version": "1.0",
                    "write": false
                  }
                ],
                "minute_metrics": [
                  {
                    "enabled": false,
                    "include_apis": false,
                    "retention_policy_days": 0,
                    "version": "1.0"
                  }
                ]
              }
            ],
            "resource_group_name": "crcdev-rg",
            "routing": [],
            "secondary_access_key": "1ajIgDP1gNptjIWpOMVqb5xK4uFW4zrEHeoonsOm7CIqfYSxtfZGE9Rq87BrJWXFjqpnBJz47tlB+AStkV8YBA==",
            "secondary_blob_connection_string": "",
            "secondary_blob_endpoint": null,
            "secondary_blob_host": null,
            "secondary_connection_string": "DefaultEndpointsProtocol=https;AccountName=apcrcdevstorage1;AccountKey=1ajIgDP1gNptjIWpOMVqb5xK4uFW4zrEHeoonsOm7CIqfYSxtfZGE9Rq87BrJWXFjqpnBJz47tlB+AStkV8YBA==;EndpointSuffix=core.windows.net",
            "secondary_dfs_endpoint": null,
            "secondary_dfs_host": null,
            "secondary_file_endpoint": null,
            "secondary_file_host": null,
            "secondary_location": "",
            "secondary_queue_endpoint": null,
            "secondary_queue_host": null,
            "secondary_table_endpoint": null,
            "secondary_table_host": null,
            "secondary_web_endpoint": null,
            "secondary_web_host": null,
            "share_properties": [
              {
                "cors_rule": [],
                "retention_policy": [
                  {
                    "days": 7
                  }
                ],
                "smb": []
              }
            ],
            "shared_access_key_enabled": true,
            "static_website": [
              {
                "error_404_document": "404.html",
                "index_document": "index.html"
              }
            ],
            "table_encryption_key_type": "Service",
            "tags": {
              "environment": "dev"
            },
            "timeouts": null
          },
          "sensitive_attributes": [],
          "private": "eyJlMmJmYjczMC1lY2FhLTExZTYtOGY4OC0zNDM2M2JjN2M0YzAiOnsiY3JlYXRlIjozNjAwMDAwMDAwMDAwLCJkZWxldGUiOjM2MDAwMDAwMDAwMDAsInJlYWQiOjMwMDAwMDAwMDAwMCwidXBkYXRlIjozNjAwMDAwMDAwMDAwfSwic2NoZW1hX3ZlcnNpb24iOiIzIn0=",
          "dependencies": [
            "azurerm_resource_group.crcdev-rg"
          ]
        }
      ]
    }
  ],
  "check_results": null
}
